
Microsoft Visual Studio Solution File, Format Version 12.00
# Visual Studio Version 17
VisualStudioVersion = 17.1.32414.318
MinimumVisualStudioVersion = 10.0.40219.1
Project("{FAE04EC0-301F-11D3-BF4B-00C04F79EFBC}") = "SequentialSearchAndSelectionSortConsoleApp", "ConsoleApp1\SequentialSearchAndSelectionSortConsoleApp.csproj", "{AD4C5257-6C5E-4161-B23F-A996A39CAE99}"
EndProject
Global
	GlobalSection(SolutionConfigurationPlatforms) = preSolution
		Debug|Any CPU = Debug|Any CPU
		Release|Any CPU = Release|Any CPU
	EndGlobalSection
	GlobalSection(ProjectConfigurationPlatforms) = postSolution
		{AD4C5257-6C5E-4161-B23F-A996A39CAE99}.Debug|Any CPU.ActiveCfg = Debug|Any CPU
		{AD4C5257-6C5E-4161-B23F-A996A39CAE99}.Debug|Any CPU.Build.0 = Debug|Any CPU
		{AD4C5257-6C5E-4161-B23F-A996A39CAE99}.Release|Any CPU.ActiveCfg = Release|Any CPU
		{AD4C5257-6C5E-4161-B23F-A996A39CAE99}.Release|Any CPU.Build.0 = Release|Any CPU
	EndGlobalSection
	GlobalSection(SolutionProperties) = preSolution
		HideSolutionNode = FALSE
	EndGlobalSection
	GlobalSection(ExtensibilityGlobals) = postSolution
		SolutionGuid = {FE37A63E-5DE0-4AB6-9612-EFF5E6AB6CEC}
	EndGlobalSection
EndGlobal
